
Microsoft Visual Studio Solution File, Format Version 12.00
# Visual Studio Version 16
VisualStudioVersion = 16.0.31624.102
MinimumVisualStudioVersion = 10.0.40219.1
Project("{FAE04EC0-301F-11D3-BF4B-00C04F79EFBC}") = "Oceanic Airlines", "Oceanic Airlines\Oceanic Airlines.csproj", "{491F96CD-BA19-46CA-BD9A-C8327556B9AF}"
EndProject
Global
	GlobalSection(SolutionConfigurationPlatforms) = preSolution
		Debug|Any CPU = Debug|Any CPU
		Release|Any CPU = Release|Any CPU
	EndGlobalSection
	GlobalSection(ProjectConfigurationPlatforms) = postSolution
		{491F96CD-BA19-46CA-BD9A-C8327556B9AF}.Debug|Any CPU.ActiveCfg = Debug|Any CPU
		{491F96CD-BA19-46CA-BD9A-C8327556B9AF}.Debug|Any CPU.Build.0 = Debug|Any CPU
		{491F96CD-BA19-46CA-BD9A-C8327556B9AF}.Release|Any CPU.ActiveCfg = Release|Any CPU
		{491F96CD-BA19-46CA-BD9A-C8327556B9AF}.Release|Any CPU.Build.0 = Release|Any CPU
	EndGlobalSection
	GlobalSection(SolutionProperties) = preSolution
		HideSolutionNode = FALSE
	EndGlobalSection
	GlobalSection(ExtensibilityGlobals) = postSolution
		SolutionGuid = {A2D80EC7-3E01-468D-B752-0921420C4D85}
	EndGlobalSection
EndGlobal
